<?xml version="1.0" encoding="utf-8"?>
<Project ToolsVersion="4.0" xmlns="http://schemas.microsoft.com/developer/msbuild/2003">
  <ItemGroup>
    <ClCompile Include="stdafx.cpp" />
    <ClCompile Include="util.cpp" />
    <ClCompile Include="EseInstance.cpp" />
    <ClCompile Include="EseDatabase.cpp" />
    <ClCompile Include="EseTable.cpp" />
    <ClCompile Include="EseColumn.cpp" />
    <ClCompile Include="EseColumnData.cpp" />
  </ItemGroup>
  <ItemGroup>
    <ClInclude Include="esent.h" />
    <ClInclude Include="stdafx.h" />
    <ClInclude Include="util.h" />
    <ClInclude Include="EseDataAccess.h" />
  </ItemGroup>
</Project>